
Microsoft Visual Studio Solution File, Format Version 12.00
# Visual Studio 14
VisualStudioVersion = 14.0.25420.1
MinimumVisualStudioVersion = 10.0.40219.1
Project("{FAE04EC0-301F-11D3-BF4B-00C04F79EFBC}") = "Hospital_Final-MVC", "Hospital_Final-MVC\Hospital_Final-MVC.csproj", "{FA16E29C-A51D-4949-A1E3-62BC150EE13E}"
EndProject
Project("{FAE04EC0-301F-11D3-BF4B-00C04F79EFBC}") = "BaseModels", "BaseModels\BaseModels.csproj", "{9C099876-D462-4DED-9CBA-8E5959EA20D5}"
EndProject
Global
	GlobalSection(SolutionConfigurationPlatforms) = preSolution
		Debug|Any CPU = Debug|Any CPU
		Release|Any CPU = Release|Any CPU
	EndGlobalSection
	GlobalSection(ProjectConfigurationPlatforms) = postSolution
		{FA16E29C-A51D-4949-A1E3-62BC150EE13E}.Debug|Any CPU.ActiveCfg = Debug|Any CPU
		{FA16E29C-A51D-4949-A1E3-62BC150EE13E}.Debug|Any CPU.Build.0 = Debug|Any CPU
		{FA16E29C-A51D-4949-A1E3-62BC150EE13E}.Release|Any CPU.ActiveCfg = Release|Any CPU
		{FA16E29C-A51D-4949-A1E3-62BC150EE13E}.Release|Any CPU.Build.0 = Release|Any CPU
		{9C099876-D462-4DED-9CBA-8E5959EA20D5}.Debug|Any CPU.ActiveCfg = Debug|Any CPU
		{9C099876-D462-4DED-9CBA-8E5959EA20D5}.Debug|Any CPU.Build.0 = Debug|Any CPU
		{9C099876-D462-4DED-9CBA-8E5959EA20D5}.Release|Any CPU.ActiveCfg = Release|Any CPU
		{9C099876-D462-4DED-9CBA-8E5959EA20D5}.Release|Any CPU.Build.0 = Release|Any CPU
	EndGlobalSection
	GlobalSection(SolutionProperties) = preSolution
		HideSolutionNode = FALSE
	EndGlobalSection
EndGlobal
